// !$*UTF8*$!
{
	archiveVersion = 1;
	classes = {
	};
	objectVersion = 42;
	objects = {

/* Begin PBXAggregateTarget section */
		1F902C570DAEA598008191F0 /* All */ = {
			isa = PBXAggregateTarget;
			buildConfigurationList = 1F902C710DAEA5DA008191F0 /* Build configuration list for PBXAggregateTarget "All" */;
			buildPhases = (
			);
			dependencies = (
				1F902C610DAEA5A2008191F0 /* PBXTargetDependency */,
				1F902C650DAEA5AB008191F0 /* PBXTargetDependency */,
				1F902C670DAEA5AF008191F0 /* PBXTargetDependency */,
			);
			name = All;
			productName = All;
		};
/* End PBXAggregateTarget section */

/* Begin PBXBuildFile section */
		1F0082D60DAD7A51003E7ED1 /* testlogger_main.m in Sources */ = {isa = PBXBuildFile; fileRef = 1F4B926A0D4D37B100EA8493 /* testlogger_main.m */; };
		1F0082DE0DAD7A5A003E7ED1 /* Foundation.framework in Frameworks */ = {isa = PBXBuildFile; fileRef = 0D8F937A0066CF95C35ADD82 /* Foundation.framework */; };
		1F33C5A9117E61D100245E3E /* MPWTestSuite.h in Headers */ = {isa = PBXBuildFile; fileRef = 1F33C5A8117E61D100245E3E /* MPWTestSuite.h */; };
		1F33C5AA117E61D100245E3E /* MPWTestSuite.h in Headers */ = {isa = PBXBuildFile; fileRef = 1F33C5A8117E61D100245E3E /* MPWTestSuite.h */; };
		1F346FFE0F2067E9003D39D2 /* ExceptionHandling.framework in Frameworks */ = {isa = PBXBuildFile; fileRef = 1F346FFD0F2067E9003D39D2 /* ExceptionHandling.framework */; };
		1F4B926B0D4D37B100EA8493 /* testlogger_main.m in Sources */ = {isa = PBXBuildFile; fileRef = 1F4B926A0D4D37B100EA8493 /* testlogger_main.m */; };
		1F4B928A0D4D382800EA8493 /* MPWTestCase.h in Headers */ = {isa = PBXBuildFile; fileRef = 0D8F936D0066CF95C35ADD82 /* MPWTestCase.h */; settings = {ATTRIBUTES = (Public, Project, ); }; };
		1F4B928B0D4D382800EA8493 /* MPWTestResults.h in Headers */ = {isa = PBXBuildFile; fileRef = 0D8F936E0066CF95C35ADD82 /* MPWTestResults.h */; settings = {ATTRIBUTES = (Public, Project, ); }; };
		1F4B928D0D4D382800EA8493 /* NSObjectTestingSupport.h in Headers */ = {isa = PBXBuildFile; fileRef = 0D8F93700066CF95C35ADD82 /* NSObjectTestingSupport.h */; settings = {ATTRIBUTES = (Public, Project, ); }; };
		1F4B928E0D4D382800EA8493 /* MPWLoggingTester.h in Headers */ = {isa = PBXBuildFile; fileRef = 0D8F93710066CF95C35ADD82 /* MPWLoggingTester.h */; settings = {ATTRIBUTES = (Public, Project, ); }; };
		1F4B928F0D4D382800EA8493 /* NSBundleClassEnumeration.h in Headers */ = {isa = PBXBuildFile; fileRef = 0D8F93720066CF95C35ADD82 /* NSBundleClassEnumeration.h */; };
		1F4B92900D4D382800EA8493 /* MPWTestAssertionHandler.h in Headers */ = {isa = PBXBuildFile; fileRef = 1F6A50E7072E69A1006C07C4 /* MPWTestAssertionHandler.h */; };
		1F4B92930D4D382800EA8493 /* MPWTestCase.m in Sources */ = {isa = PBXBuildFile; fileRef = 0D8F93660066CF95C35ADD82 /* MPWTestCase.m */; settings = {ATTRIBUTES = (); }; };
		1F4B92940D4D382800EA8493 /* MPWTestResults.m in Sources */ = {isa = PBXBuildFile; fileRef = 0D8F93670066CF95C35ADD82 /* MPWTestResults.m */; settings = {ATTRIBUTES = (); }; };
		1F4B92960D4D382800EA8493 /* NSObjectTestingSupport.m in Sources */ = {isa = PBXBuildFile; fileRef = 0D8F93690066CF95C35ADD82 /* NSObjectTestingSupport.m */; settings = {ATTRIBUTES = (); }; };
		1F4B92970D4D382800EA8493 /* MPWLoggingTester.m in Sources */ = {isa = PBXBuildFile; fileRef = 0D8F936A0066CF95C35ADD82 /* MPWLoggingTester.m */; settings = {ATTRIBUTES = (); }; };
		1F4B92980D4D382800EA8493 /* NSBundleClassEnumeration.m in Sources */ = {isa = PBXBuildFile; fileRef = 0D8F936B0066CF95C35ADD82 /* NSBundleClassEnumeration.m */; settings = {ATTRIBUTES = (); }; };
		1F4B92990D4D382800EA8493 /* MPWTestAssertionHandler.m in Sources */ = {isa = PBXBuildFile; fileRef = 1F6A50E8072E69A1006C07C4 /* MPWTestAssertionHandler.m */; };
		1F4B929B0D4D382800EA8493 /* Foundation.framework in Frameworks */ = {isa = PBXBuildFile; fileRef = 0D8F937A0066CF95C35ADD82 /* Foundation.framework */; };
		1F4B92CC0D4D391B00EA8493 /* Foundation.framework in Frameworks */ = {isa = PBXBuildFile; fileRef = 0D8F937A0066CF95C35ADD82 /* Foundation.framework */; };
		1F61A03E10F901070043BB22 /* MPWTestSuite.m in Sources */ = {isa = PBXBuildFile; fileRef = 1F61A03D10F901070043BB22 /* MPWTestSuite.m */; };
		1F61A03F10F901070043BB22 /* MPWTestSuite.m in Sources */ = {isa = PBXBuildFile; fileRef = 1F61A03D10F901070043BB22 /* MPWTestSuite.m */; };
		1F61A04210F901070043BB22 /* MPWTestSuite.m in Sources */ = {isa = PBXBuildFile; fileRef = 1F61A03D10F901070043BB22 /* MPWTestSuite.m */; };
		1F7926E1139616AD00C21BF9 /* TClassMockInjectionTest.m in Sources */ = {isa = PBXBuildFile; fileRef = 1FFC4FD6135209FE00377C45 /* TClassMockInjectionTest.m */; };
		1F79276413963A3D00C21BF9 /* TObjectMockInjectionTest.m in Sources */ = {isa = PBXBuildFile; fileRef = 1FFC4FDB135209FE00377C45 /* TObjectMockInjectionTest.m */; };
		1F9C9640110D6BA500492929 /* MPWTestAssertionHandler.m in Sources */ = {isa = PBXBuildFile; fileRef = 1F6A50E8072E69A1006C07C4 /* MPWTestAssertionHandler.m */; };
		1F9C9641110D6BA500492929 /* MPWTestCase.m in Sources */ = {isa = PBXBuildFile; fileRef = 0D8F93660066CF95C35ADD82 /* MPWTestCase.m */; };
		1F9C9642110D6BA500492929 /* MPWTestResults.m in Sources */ = {isa = PBXBuildFile; fileRef = 0D8F93670066CF95C35ADD82 /* MPWTestResults.m */; };
		1F9C9643110D6BA500492929 /* NSObjectTestingSupport.m in Sources */ = {isa = PBXBuildFile; fileRef = 0D8F93690066CF95C35ADD82 /* NSObjectTestingSupport.m */; };
		1F9C9644110D6BA500492929 /* MPWLoggingTester.m in Sources */ = {isa = PBXBuildFile; fileRef = 0D8F936A0066CF95C35ADD82 /* MPWLoggingTester.m */; };
		1F9C9645110D6BA500492929 /* NSBundleClassEnumeration.m in Sources */ = {isa = PBXBuildFile; fileRef = 0D8F936B0066CF95C35ADD82 /* NSBundleClassEnumeration.m */; };
		1F9C9646110D6BA500492929 /* testlogger_main.m in Sources */ = {isa = PBXBuildFile; fileRef = 1F4B926A0D4D37B100EA8493 /* testlogger_main.m */; };
		1F9C9647110D6BA500492929 /* MPWTestSuite.m in Sources */ = {isa = PBXBuildFile; fileRef = 1F61A03D10F901070043BB22 /* MPWTestSuite.m */; };
		1F9C9649110D6BA500492929 /* Foundation.framework in Frameworks */ = {isa = PBXBuildFile; fileRef = 0D8F937A0066CF95C35ADD82 /* Foundation.framework */; };
		1F9C971B1116583200492929 /* MPWTestAssertionHandler.m in Sources */ = {isa = PBXBuildFile; fileRef = 1F6A50E8072E69A1006C07C4 /* MPWTestAssertionHandler.m */; };
		1F9C971C1116583200492929 /* MPWTestCase.m in Sources */ = {isa = PBXBuildFile; fileRef = 0D8F93660066CF95C35ADD82 /* MPWTestCase.m */; };
		1F9C971D1116583200492929 /* MPWTestResults.m in Sources */ = {isa = PBXBuildFile; fileRef = 0D8F93670066CF95C35ADD82 /* MPWTestResults.m */; };
		1F9C971E1116583200492929 /* NSObjectTestingSupport.m in Sources */ = {isa = PBXBuildFile; fileRef = 0D8F93690066CF95C35ADD82 /* NSObjectTestingSupport.m */; };
		1F9C971F1116583200492929 /* MPWLoggingTester.m in Sources */ = {isa = PBXBuildFile; fileRef = 0D8F936A0066CF95C35ADD82 /* MPWLoggingTester.m */; };
		1F9C97201116583200492929 /* NSBundleClassEnumeration.m in Sources */ = {isa = PBXBuildFile; fileRef = 0D8F936B0066CF95C35ADD82 /* NSBundleClassEnumeration.m */; };
		1FADC20C13939A8000E6A52A /* MPWObjectMirror.h in Headers */ = {isa = PBXBuildFile; fileRef = 1FADC20A13939A8000E6A52A /* MPWObjectMirror.h */; };
		1FADC20D13939A8000E6A52A /* MPWObjectMirror.m in Sources */ = {isa = PBXBuildFile; fileRef = 1FADC20B13939A8000E6A52A /* MPWObjectMirror.m */; };
		1FADC20E13939A8000E6A52A /* MPWObjectMirror.m in Sources */ = {isa = PBXBuildFile; fileRef = 1FADC20B13939A8000E6A52A /* MPWObjectMirror.m */; };
		1FADC20F13939A8000E6A52A /* MPWObjectMirror.m in Sources */ = {isa = PBXBuildFile; fileRef = 1FADC20B13939A8000E6A52A /* MPWObjectMirror.m */; };
		1FADC21013939A8000E6A52A /* MPWObjectMirror.h in Headers */ = {isa = PBXBuildFile; fileRef = 1FADC20A13939A8000E6A52A /* MPWObjectMirror.h */; };
		1FADC21113939A8000E6A52A /* MPWObjectMirror.m in Sources */ = {isa = PBXBuildFile; fileRef = 1FADC20B13939A8000E6A52A /* MPWObjectMirror.m */; };
		1FADC21213939A8000E6A52A /* MPWObjectMirror.m in Sources */ = {isa = PBXBuildFile; fileRef = 1FADC20B13939A8000E6A52A /* MPWObjectMirror.m */; };
		1FADC2391393A62900E6A52A /* MPWMethodMirror.h in Headers */ = {isa = PBXBuildFile; fileRef = 1FADC2371393A62900E6A52A /* MPWMethodMirror.h */; };
		1FADC23A1393A62900E6A52A /* MPWMethodMirror.m in Sources */ = {isa = PBXBuildFile; fileRef = 1FADC2381393A62900E6A52A /* MPWMethodMirror.m */; };
		1FADC23B1393A62900E6A52A /* MPWMethodMirror.m in Sources */ = {isa = PBXBuildFile; fileRef = 1FADC2381393A62900E6A52A /* MPWMethodMirror.m */; };
		1FADC23C1393A62900E6A52A /* MPWMethodMirror.m in Sources */ = {isa = PBXBuildFile; fileRef = 1FADC2381393A62900E6A52A /* MPWMethodMirror.m */; };
		1FADC23D1393A62900E6A52A /* MPWMethodMirror.h in Headers */ = {isa = PBXBuildFile; fileRef = 1FADC2371393A62900E6A52A /* MPWMethodMirror.h */; };
		1FADC23E1393A62900E6A52A /* MPWMethodMirror.m in Sources */ = {isa = PBXBuildFile; fileRef = 1FADC2381393A62900E6A52A /* MPWMethodMirror.m */; };
		1FADC23F1393A62900E6A52A /* MPWMethodMirror.m in Sources */ = {isa = PBXBuildFile; fileRef = 1FADC2381393A62900E6A52A /* MPWMethodMirror.m */; };
		1FB53F8E1376F39D009973F0 /* AccessorMacros.h in Headers */ = {isa = PBXBuildFile; fileRef = 1FB53F8D1376F39D009973F0 /* AccessorMacros.h */; };
		1FBB17FE1395614600AA9954 /* TMetaClassMockTest.m in Sources */ = {isa = PBXBuildFile; fileRef = 1FFC4FD8135209FE00377C45 /* TMetaClassMockTest.m */; };
		1FC7E3291392BDFD0002E44E /* MPWClassMirror.h in Headers */ = {isa = PBXBuildFile; fileRef = 1FC7E3271392BDFD0002E44E /* MPWClassMirror.h */; };
		1FC7E32A1392BDFD0002E44E /* MPWClassMirror.m in Sources */ = {isa = PBXBuildFile; fileRef = 1FC7E3281392BDFD0002E44E /* MPWClassMirror.m */; };
		1FC7E32B1392BDFD0002E44E /* MPWClassMirror.m in Sources */ = {isa = PBXBuildFile; fileRef = 1FC7E3281392BDFD0002E44E /* MPWClassMirror.m */; };
		1FC7E32C1392BDFD0002E44E /* MPWClassMirror.m in Sources */ = {isa = PBXBuildFile; fileRef = 1FC7E3281392BDFD0002E44E /* MPWClassMirror.m */; };
		1FC7E32D1392BDFD0002E44E /* MPWClassMirror.h in Headers */ = {isa = PBXBuildFile; fileRef = 1FC7E3271392BDFD0002E44E /* MPWClassMirror.h */; };
		1FC7E32E1392BDFD0002E44E /* MPWClassMirror.m in Sources */ = {isa = PBXBuildFile; fileRef = 1FC7E3281392BDFD0002E44E /* MPWClassMirror.m */; };
		1FC7E32F1392BDFD0002E44E /* MPWClassMirror.m in Sources */ = {isa = PBXBuildFile; fileRef = 1FC7E3281392BDFD0002E44E /* MPWClassMirror.m */; };
		1FD58B4D10BF613800919BE7 /* MPWTestCase.h in Headers */ = {isa = PBXBuildFile; fileRef = 0D8F936D0066CF95C35ADD82 /* MPWTestCase.h */; settings = {ATTRIBUTES = (Public, Project, ); }; };
		1FD58B4E10BF613800919BE7 /* MPWTestResults.h in Headers */ = {isa = PBXBuildFile; fileRef = 0D8F936E0066CF95C35ADD82 /* MPWTestResults.h */; settings = {ATTRIBUTES = (Public, Project, ); }; };
		1FD58B5010BF613800919BE7 /* NSObjectTestingSupport.h in Headers */ = {isa = PBXBuildFile; fileRef = 0D8F93700066CF95C35ADD82 /* NSObjectTestingSupport.h */; settings = {ATTRIBUTES = (Public, Project, ); }; };
		1FD58B5110BF613800919BE7 /* MPWLoggingTester.h in Headers */ = {isa = PBXBuildFile; fileRef = 0D8F93710066CF95C35ADD82 /* MPWLoggingTester.h */; settings = {ATTRIBUTES = (Public, Project, ); }; };
		1FD58B5210BF613800919BE7 /* NSBundleClassEnumeration.h in Headers */ = {isa = PBXBuildFile; fileRef = 0D8F93720066CF95C35ADD82 /* NSBundleClassEnumeration.h */; };
		1FD58B5310BF613800919BE7 /* MPWTestAssertionHandler.h in Headers */ = {isa = PBXBuildFile; fileRef = 1F6A50E7072E69A1006C07C4 /* MPWTestAssertionHandler.h */; };
		1FD58B5610BF613800919BE7 /* MPWTestCase.m in Sources */ = {isa = PBXBuildFile; fileRef = 0D8F93660066CF95C35ADD82 /* MPWTestCase.m */; settings = {ATTRIBUTES = (); }; };
		1FD58B5710BF613800919BE7 /* MPWTestResults.m in Sources */ = {isa = PBXBuildFile; fileRef = 0D8F93670066CF95C35ADD82 /* MPWTestResults.m */; settings = {ATTRIBUTES = (); }; };
		1FD58B5910BF613800919BE7 /* NSObjectTestingSupport.m in Sources */ = {isa = PBXBuildFile; fileRef = 0D8F93690066CF95C35ADD82 /* NSObjectTestingSupport.m */; settings = {ATTRIBUTES = (); }; };
		1FD58B5A10BF613800919BE7 /* MPWLoggingTester.m in Sources */ = {isa = PBXBuildFile; fileRef = 0D8F936A0066CF95C35ADD82 /* MPWLoggingTester.m */; settings = {ATTRIBUTES = (); }; };
		1FD58B5B10BF613800919BE7 /* NSBundleClassEnumeration.m in Sources */ = {isa = PBXBuildFile; fileRef = 0D8F936B0066CF95C35ADD82 /* NSBundleClassEnumeration.m */; settings = {ATTRIBUTES = (); }; };
		1FD58B5C10BF613800919BE7 /* MPWTestAssertionHandler.m in Sources */ = {isa = PBXBuildFile; fileRef = 1F6A50E8072E69A1006C07C4 /* MPWTestAssertionHandler.m */; };
		1FD58B5E10BF613800919BE7 /* Foundation.framework in Frameworks */ = {isa = PBXBuildFile; fileRef = 0D8F937A0066CF95C35ADD82 /* Foundation.framework */; };
		1FD58B5F10BF613800919BE7 /* ExceptionHandling.framework in Frameworks */ = {isa = PBXBuildFile; fileRef = 1F346FFD0F2067E9003D39D2 /* ExceptionHandling.framework */; };
		1FD58B6C10BF617200919BE7 /* dllmain.m in Sources */ = {isa = PBXBuildFile; fileRef = 1FD58B6B10BF617200919BE7 /* dllmain.m */; };
		1FFC4FF113520ADE00377C45 /* TTestCase.m in Sources */ = {isa = PBXBuildFile; fileRef = 1FFC4FF013520ADE00377C45 /* TTestCase.m */; };
		1FFC4FF313520AE900377C45 /* TTestCase.h in Headers */ = {isa = PBXBuildFile; fileRef = 1FFC4FF213520AE900377C45 /* TTestCase.h */; };
		1FFC504313521AE300377C45 /* TTestCaseTest.h in Headers */ = {isa = PBXBuildFile; fileRef = 1FFC504213521AE300377C45 /* TTestCaseTest.h */; };
		1FFC504413521B0D00377C45 /* TTestCaseTest.m in Sources */ = {isa = PBXBuildFile; fileRef = 1FFC4FDE135209FE00377C45 /* TTestCaseTest.m */; };
		1FFC507013521FFF00377C45 /* TUnitTest.h in Resources */ = {isa = PBXBuildFile; fileRef = 1FFC506F13521FFF00377C45 /* TUnitTest.h */; };
		1FFC50731352202500377C45 /* TUnitTest.m in Sources */ = {isa = PBXBuildFile; fileRef = 1FFC4FDF135209FE00377C45 /* TUnitTest.m */; };
		1FFC5083135223F500377C45 /* TMockTestClass.h in Headers */ = {isa = PBXBuildFile; fileRef = 1FFC5082135223F500377C45 /* TMockTestClass.h */; };
		1FFC50861352243D00377C45 /* TMockTestClass.m in Sources */ = {isa = PBXBuildFile; fileRef = 1FFC4FDA135209FE00377C45 /* TMockTestClass.m */; };
		1FFC5087135245D100377C45 /* TClassMockTest.m in Sources */ = {isa = PBXBuildFile; fileRef = 1FFC4FD7135209FE00377C45 /* TClassMockTest.m */; };
		1FFC5089135245DE00377C45 /* TClassMockTest.h in Headers */ = {isa = PBXBuildFile; fileRef = 1FFC5088135245DE00377C45 /* TClassMockTest.h */; };
		1FFC509A1352470400377C45 /* TMockController.h in Headers */ = {isa = PBXBuildFile; fileRef = 1FFC50981352470400377C45 /* TMockController.h */; };
		1FFC509B1352470400377C45 /* TMockController.m in Sources */ = {isa = PBXBuildFile; fileRef = 1FFC50991352470400377C45 /* TMockController.m */; };
		1FFC50CA1352496D00377C45 /* TMockRecorder.h in Headers */ = {isa = PBXBuildFile; fileRef = 1FFC50C81352496D00377C45 /* TMockRecorder.h */; };
		1FFC50CB1352496D00377C45 /* TMockRecorder.m in Sources */ = {isa = PBXBuildFile; fileRef = 1FFC50C91352496D00377C45 /* TMockRecorder.m */; };
		1FFC50E31352508800377C45 /* NSBundleClassEnumeration.m in Sources */ = {isa = PBXBuildFile; fileRef = 0D8F936B0066CF95C35ADD82 /* NSBundleClassEnumeration.m */; };
		1FFC50E41352509600377C45 /* MPWTestSuite.m in Sources */ = {isa = PBXBuildFile; fileRef = 1F61A03D10F901070043BB22 /* MPWTestSuite.m */; };
		1FFC50E51352509600377C45 /* MPWTestAssertionHandler.m in Sources */ = {isa = PBXBuildFile; fileRef = 1F6A50E8072E69A1006C07C4 /* MPWTestAssertionHandler.m */; };
		1FFC50E61352509600377C45 /* MPWTestCase.m in Sources */ = {isa = PBXBuildFile; fileRef = 0D8F93660066CF95C35ADD82 /* MPWTestCase.m */; };
		1FFC50E71352509600377C45 /* MPWTestResults.m in Sources */ = {isa = PBXBuildFile; fileRef = 0D8F93670066CF95C35ADD82 /* MPWTestResults.m */; };
		1FFC50E81352509600377C45 /* NSObjectTestingSupport.m in Sources */ = {isa = PBXBuildFile; fileRef = 0D8F93690066CF95C35ADD82 /* NSObjectTestingSupport.m */; };
		1FFC50E91352509600377C45 /* MPWLoggingTester.m in Sources */ = {isa = PBXBuildFile; fileRef = 0D8F936A0066CF95C35ADD82 /* MPWLoggingTester.m */; };
		1FFC51FF1352F46600377C45 /* TMetaClassMockTest.h in Headers */ = {isa = PBXBuildFile; fileRef = 1FFC51FE1352F46600377C45 /* TMetaClassMockTest.h */; };
		1FFFF82913733C9800133789 /* TClassMockInjectionTest.h in Headers */ = {isa = PBXBuildFile; fileRef = 1FFFF82813733C9800133789 /* TClassMockInjectionTest.h */; };
		1FFFF8931373523E00133789 /* TObjectMockInjectionTest.h in Headers */ = {isa = PBXBuildFile; fileRef = 1FFFF8921373523E00133789 /* TObjectMockInjectionTest.h */; };
		1FFFF9AC13743FAD00133789 /* TMessageExpectation.h in Headers */ = {isa = PBXBuildFile; fileRef = 1FFFF9AA13743FAD00133789 /* TMessageExpectation.h */; };
		1FFFF9AD13743FAD00133789 /* TMessageExpectation.m in Sources */ = {isa = PBXBuildFile; fileRef = 1FFFF9AB13743FAD00133789 /* TMessageExpectation.m */; };
/* End PBXBuildFile section */

/* Begin PBXBuildRule section */
		1F9C9659110D6BEE00492929 /* PBXBuildRule */ = {
			isa = PBXBuildRule;
			compilerSpec = org.cocotron.1.0.windows.i386.gcc.default;
			fileType = sourcecode.c;
			isEditable = 1;
			outputFiles = (
			);
		};
		1FD58B8810BF63E400919BE7 /* PBXBuildRule */ = {
			isa = PBXBuildRule;
			compilerSpec = org.cocotron.1.0.windows.i386.gcc.4.3.1;
			fileType = sourcecode.c;
			isEditable = 1;
			outputFiles = (
			);
		};
/* End PBXBuildRule section */

/* Begin PBXContainerItemProxy section */
		1F902C600DAEA5A2008191F0 /* PBXContainerItemProxy */ = {
			isa = PBXContainerItemProxy;
			containerPortal = 0D8F93630066CF95C35ADD82 /* Project object */;
			proxyType = 1;
			remoteGlobalIDString = 1F0082D00DAD7A3D003E7ED1;
			remoteInfo = testloggergc;
		};
		1F902C640DAEA5AB008191F0 /* PBXContainerItemProxy */ = {
			isa = PBXContainerItemProxy;
			containerPortal = 0D8F93630066CF95C35ADD82 /* Project object */;
			proxyType = 1;
			remoteGlobalIDString = 1F4B92530D4D377100EA8493;
			remoteInfo = testlogger;
		};
		1F902C660DAEA5AF008191F0 /* PBXContainerItemProxy */ = {
			isa = PBXContainerItemProxy;
			containerPortal = 0D8F93630066CF95C35ADD82 /* Project object */;
			proxyType = 1;
			remoteGlobalIDString = 1F4B92880D4D382800EA8493;
			remoteInfo = "MPWTest (Framework) (Upgraded)";
		};
/* End PBXContainerItemProxy section */

/* Begin PBXFileReference section */
		0D8F93660066CF95C35ADD82 /* MPWTestCase.m */ = {isa = PBXFileReference; fileEncoding = 30; lastKnownFileType = sourcecode.c.objc; path = MPWTestCase.m; sourceTree = "<group>"; };
		0D8F93670066CF95C35ADD82 /* MPWTestResults.m */ = {isa = PBXFileReference; fileEncoding = 30; lastKnownFileType = sourcecode.c.objc; path = MPWTestResults.m; sourceTree = "<group>"; };
		0D8F93690066CF95C35ADD82 /* NSObjectTestingSupport.m */ = {isa = PBXFileReference; fileEncoding = 30; lastKnownFileType = sourcecode.c.objc; path = NSObjectTestingSupport.m; sourceTree = "<group>"; };
		0D8F936A0066CF95C35ADD82 /* MPWLoggingTester.m */ = {isa = PBXFileReference; fileEncoding = 30; lastKnownFileType = sourcecode.c.objc; path = MPWLoggingTester.m; sourceTree = "<group>"; };
		0D8F936B0066CF95C35ADD82 /* NSBundleClassEnumeration.m */ = {isa = PBXFileReference; fileEncoding = 30; lastKnownFileType = sourcecode.c.objc; path = NSBundleClassEnumeration.m; sourceTree = "<group>"; };
		0D8F936D0066CF95C35ADD82 /* MPWTestCase.h */ = {isa = PBXFileReference; fileEncoding = 30; lastKnownFileType = sourcecode.c.h; path = MPWTestCase.h; sourceTree = "<group>"; };
		0D8F936E0066CF95C35ADD82 /* MPWTestResults.h */ = {isa = PBXFileReference; fileEncoding = 30; lastKnownFileType = sourcecode.c.h; path = MPWTestResults.h; sourceTree = "<group>"; };
		0D8F93700066CF95C35ADD82 /* NSObjectTestingSupport.h */ = {isa = PBXFileReference; fileEncoding = 30; lastKnownFileType = sourcecode.c.h; path = NSObjectTestingSupport.h; sourceTree = "<group>"; };
		0D8F93710066CF95C35ADD82 /* MPWLoggingTester.h */ = {isa = PBXFileReference; fileEncoding = 30; lastKnownFileType = sourcecode.c.h; path = MPWLoggingTester.h; sourceTree = "<group>"; };
		0D8F93720066CF95C35ADD82 /* NSBundleClassEnumeration.h */ = {isa = PBXFileReference; fileEncoding = 30; lastKnownFileType = sourcecode.c.h; path = NSBundleClassEnumeration.h; sourceTree = "<group>"; };
		0D8F93770066CF95C35ADD82 /* m.template */ = {isa = PBXFileReference; fileEncoding = 30; lastKnownFileType = text; path = m.template; sourceTree = "<group>"; };
		0D8F93780066CF95C35ADD82 /* h.template */ = {isa = PBXFileReference; fileEncoding = 30; lastKnownFileType = text; path = h.template; sourceTree = "<group>"; };
		0D8F937A0066CF95C35ADD82 /* Foundation.framework */ = {isa = PBXFileReference; lastKnownFileType = wrapper.framework; name = Foundation.framework; path = /System/Library/Frameworks/Foundation.framework; sourceTree = "<absolute>"; };
		1F0082D10DAD7A3D003E7ED1 /* testloggergc */ = {isa = PBXFileReference; explicitFileType = "compiled.mach-o.executable"; includeInIndex = 0; path = testloggergc; sourceTree = BUILT_PRODUCTS_DIR; };
		1F33C5A8117E61D100245E3E /* MPWTestSuite.h */ = {isa = PBXFileReference; fileEncoding = 4; lastKnownFileType = sourcecode.c.h; path = MPWTestSuite.h; sourceTree = "<group>"; };
		1F346FFD0F2067E9003D39D2 /* ExceptionHandling.framework */ = {isa = PBXFileReference; lastKnownFileType = wrapper.framework; name = ExceptionHandling.framework; path = /System/Library/Frameworks/ExceptionHandling.framework; sourceTree = "<absolute>"; };
		1F4B92540D4D377100EA8493 /* testlogger */ = {isa = PBXFileReference; explicitFileType = "compiled.mach-o.executable"; includeInIndex = 0; path = testlogger; sourceTree = BUILT_PRODUCTS_DIR; };
		1F4B926A0D4D37B100EA8493 /* testlogger_main.m */ = {isa = PBXFileReference; fileEncoding = 4; lastKnownFileType = sourcecode.c.objc; path = testlogger_main.m; sourceTree = "<group>"; };
		1F4B92A10D4D382800EA8493 /* Info-MPWTest__Framework___Upgraded_.plist */ = {isa = PBXFileReference; lastKnownFileType = text.plist.xml; path = "Info-MPWTest__Framework___Upgraded_.plist"; sourceTree = "<group>"; };
		1F4B92A20D4D382800EA8493 /* MPWTest.framework */ = {isa = PBXFileReference; explicitFileType = wrapper.framework; includeInIndex = 0; path = MPWTest.framework; sourceTree = BUILT_PRODUCTS_DIR; };
		1F61A03D10F901070043BB22 /* MPWTestSuite.m */ = {isa = PBXFileReference; fileEncoding = 4; lastKnownFileType = sourcecode.c.objc; path = MPWTestSuite.m; sourceTree = "<group>"; };
		1F6A50E7072E69A1006C07C4 /* MPWTestAssertionHandler.h */ = {isa = PBXFileReference; fileEncoding = 4; lastKnownFileType = sourcecode.c.h; path = MPWTestAssertionHandler.h; sourceTree = "<group>"; };
		1F6A50E8072E69A1006C07C4 /* MPWTestAssertionHandler.m */ = {isa = PBXFileReference; fileEncoding = 4; lastKnownFileType = sourcecode.c.objc; path = MPWTestAssertionHandler.m; sourceTree = "<group>"; };
		1F9C964F110D6BA500492929 /* testlogger */ = {isa = PBXFileReference; explicitFileType = "compiled.mach-o.executable"; includeInIndex = 0; path = testlogger; sourceTree = BUILT_PRODUCTS_DIR; };
		1FADC20A13939A8000E6A52A /* MPWObjectMirror.h */ = {isa = PBXFileReference; fileEncoding = 4; lastKnownFileType = sourcecode.c.h; path = MPWObjectMirror.h; sourceTree = "<group>"; };
		1FADC20B13939A8000E6A52A /* MPWObjectMirror.m */ = {isa = PBXFileReference; fileEncoding = 4; lastKnownFileType = sourcecode.c.objc; path = MPWObjectMirror.m; sourceTree = "<group>"; };
		1FADC2371393A62900E6A52A /* MPWMethodMirror.h */ = {isa = PBXFileReference; fileEncoding = 4; lastKnownFileType = sourcecode.c.h; path = MPWMethodMirror.h; sourceTree = "<group>"; };
		1FADC2381393A62900E6A52A /* MPWMethodMirror.m */ = {isa = PBXFileReference; fileEncoding = 4; lastKnownFileType = sourcecode.c.objc; path = MPWMethodMirror.m; sourceTree = "<group>"; };
		1FB53F8D1376F39D009973F0 /* AccessorMacros.h */ = {isa = PBXFileReference; fileEncoding = 4; lastKnownFileType = sourcecode.c.h; path = AccessorMacros.h; sourceTree = "<group>"; };
		1FC7E3271392BDFD0002E44E /* MPWClassMirror.h */ = {isa = PBXFileReference; fileEncoding = 4; lastKnownFileType = sourcecode.c.h; path = MPWClassMirror.h; sourceTree = "<group>"; };
		1FC7E3281392BDFD0002E44E /* MPWClassMirror.m */ = {isa = PBXFileReference; fileEncoding = 4; lastKnownFileType = sourcecode.c.objc; path = MPWClassMirror.m; sourceTree = "<group>"; };
		1FD58B6510BF613800919BE7 /* MPWTest.framework */ = {isa = PBXFileReference; explicitFileType = wrapper.framework; includeInIndex = 0; path = MPWTest.framework; sourceTree = BUILT_PRODUCTS_DIR; };
		1FD58B6810BF613800919BE7 /* Info-MPWTest__Framework___Upgraded_ copy.plist */ = {isa = PBXFileReference; lastKnownFileType = text.plist.xml; path = "Info-MPWTest__Framework___Upgraded_ copy.plist"; sourceTree = "<group>"; };
		1FD58B6B10BF617200919BE7 /* dllmain.m */ = {isa = PBXFileReference; fileEncoding = 4; lastKnownFileType = sourcecode.c.objc; path = dllmain.m; sourceTree = "<group>"; };
		1FFC4FD6135209FE00377C45 /* TClassMockInjectionTest.m */ = {isa = PBXFileReference; fileEncoding = 4; lastKnownFileType = sourcecode.c.objc; path = TClassMockInjectionTest.m; sourceTree = "<group>"; };
		1FFC4FD7135209FE00377C45 /* TClassMockTest.m */ = {isa = PBXFileReference; fileEncoding = 4; lastKnownFileType = sourcecode.c.objc; path = TClassMockTest.m; sourceTree = "<group>"; };
		1FFC4FD8135209FE00377C45 /* TMetaClassMockTest.m */ = {isa = PBXFileReference; fileEncoding = 4; lastKnownFileType = sourcecode.c.objc; path = TMetaClassMockTest.m; sourceTree = "<group>"; };
		1FFC4FD9135209FE00377C45 /* TMockMessageTest.m */ = {isa = PBXFileReference; fileEncoding = 4; lastKnownFileType = sourcecode.c.objc; path = TMockMessageTest.m; sourceTree = "<group>"; };
		1FFC4FDA135209FE00377C45 /* TMockTestClass.m */ = {isa = PBXFileReference; fileEncoding = 4; lastKnownFileType = sourcecode.c.objc; path = TMockTestClass.m; sourceTree = "<group>"; };
		1FFC4FDB135209FE00377C45 /* TObjectMockInjectionTest.m */ = {isa = PBXFileReference; fileEncoding = 4; lastKnownFileType = sourcecode.c.objc; path = TObjectMockInjectionTest.m; sourceTree = "<group>"; };
		1FFC4FDC135209FE00377C45 /* TObjectMockTest.m */ = {isa = PBXFileReference; fileEncoding = 4; lastKnownFileType = sourcecode.c.objc; path = TObjectMockTest.m; sourceTree = "<group>"; };
		1FFC4FDD135209FE00377C45 /* TProtocolMockTest.m */ = {isa = PBXFileReference; fileEncoding = 4; lastKnownFileType = sourcecode.c.objc; path = TProtocolMockTest.m; sourceTree = "<group>"; };
		1FFC4FDE135209FE00377C45 /* TTestCaseTest.m */ = {isa = PBXFileReference; fileEncoding = 4; lastKnownFileType = sourcecode.c.objc; path = TTestCaseTest.m; sourceTree = "<group>"; };
		1FFC4FDF135209FE00377C45 /* TUnitTest.m */ = {isa = PBXFileReference; fileEncoding = 4; lastKnownFileType = sourcecode.c.objc; path = TUnitTest.m; sourceTree = "<group>"; };
		1FFC4FF013520ADE00377C45 /* TTestCase.m */ = {isa = PBXFileReference; fileEncoding = 4; lastKnownFileType = sourcecode.c.objc; path = TTestCase.m; sourceTree = "<group>"; };
		1FFC4FF213520AE900377C45 /* TTestCase.h */ = {isa = PBXFileReference; fileEncoding = 4; lastKnownFileType = sourcecode.c.h; path = TTestCase.h; sourceTree = "<group>"; };
		1FFC504213521AE300377C45 /* TTestCaseTest.h */ = {isa = PBXFileReference; fileEncoding = 4; lastKnownFileType = sourcecode.c.h; path = TTestCaseTest.h; sourceTree = "<group>"; };
		1FFC506F13521FFF00377C45 /* TUnitTest.h */ = {isa = PBXFileReference; fileEncoding = 4; lastKnownFileType = sourcecode.c.h; path = TUnitTest.h; sourceTree = "<group>"; };
		1FFC5082135223F500377C45 /* TMockTestClass.h */ = {isa = PBXFileReference; fileEncoding = 4; lastKnownFileType = sourcecode.c.h; path = TMockTestClass.h; sourceTree = "<group>"; };
		1FFC5088135245DE00377C45 /* TClassMockTest.h */ = {isa = PBXFileReference; fileEncoding = 4; lastKnownFileType = sourcecode.c.h; path = TClassMockTest.h; sourceTree = "<group>"; };
		1FFC50981352470400377C45 /* TMockController.h */ = {isa = PBXFileReference; fileEncoding = 4; lastKnownFileType = sourcecode.c.h; path = TMockController.h; sourceTree = "<group>"; };
		1FFC50991352470400377C45 /* TMockController.m */ = {isa = PBXFileReference; fileEncoding = 4; lastKnownFileType = sourcecode.c.objc; path = TMockController.m; sourceTree = "<group>"; };
		1FFC50C81352496D00377C45 /* TMockRecorder.h */ = {isa = PBXFileReference; fileEncoding = 4; lastKnownFileType = sourcecode.c.h; path = TMockRecorder.h; sourceTree = "<group>"; };
		1FFC50C91352496D00377C45 /* TMockRecorder.m */ = {isa = PBXFileReference; fileEncoding = 4; lastKnownFileType = sourcecode.c.objc; path = TMockRecorder.m; sourceTree = "<group>"; };
		1FFC51FE1352F46600377C45 /* TMetaClassMockTest.h */ = {isa = PBXFileReference; fileEncoding = 4; lastKnownFileType = sourcecode.c.h; path = TMetaClassMockTest.h; sourceTree = "<group>"; };
		1FFFF82813733C9800133789 /* TClassMockInjectionTest.h */ = {isa = PBXFileReference; fileEncoding = 4; lastKnownFileType = sourcecode.c.h; path = TClassMockInjectionTest.h; sourceTree = "<group>"; };
		1FFFF8921373523E00133789 /* TObjectMockInjectionTest.h */ = {isa = PBXFileReference; fileEncoding = 4; lastKnownFileType = sourcecode.c.h; path = TObjectMockInjectionTest.h; sourceTree = "<group>"; };
		1FFFF9AA13743FAD00133789 /* TMessageExpectation.h */ = {isa = PBXFileReference; fileEncoding = 4; lastKnownFileType = sourcecode.c.h; path = TMessageExpectation.h; sourceTree = "<group>"; };
		1FFFF9AB13743FAD00133789 /* TMessageExpectation.m */ = {isa = PBXFileReference; fileEncoding = 4; lastKnownFileType = sourcecode.c.objc; path = TMessageExpectation.m; sourceTree = "<group>"; };
/* End PBXFileReference section */

/* Begin PBXFrameworksBuildPhase section */
		1F0082CF0DAD7A3D003E7ED1 /* Frameworks */ = {
			isa = PBXFrameworksBuildPhase;
			buildActionMask = 2147483647;
			files = (
				1F0082DE0DAD7A5A003E7ED1 /* Foundation.framework in Frameworks */,
			);
			runOnlyForDeploymentPostprocessing = 0;
		};
		1F4B92520D4D377100EA8493 /* Frameworks */ = {
			isa = PBXFrameworksBuildPhase;
			buildActionMask = 2147483647;
			files = (
				1F4B92CC0D4D391B00EA8493 /* Foundation.framework in Frameworks */,
			);
			runOnlyForDeploymentPostprocessing = 0;
		};
		1F4B929A0D4D382800EA8493 /* Frameworks */ = {
			isa = PBXFrameworksBuildPhase;
			buildActionMask = 2147483647;
			files = (
				1F4B929B0D4D382800EA8493 /* Foundation.framework in Frameworks */,
				1F346FFE0F2067E9003D39D2 /* ExceptionHandling.framework in Frameworks */,
			);
			runOnlyForDeploymentPostprocessing = 0;
		};
		1F9C9648110D6BA500492929 /* Frameworks */ = {
			isa = PBXFrameworksBuildPhase;
			buildActionMask = 2147483647;
			files = (
				1F9C9649110D6BA500492929 /* Foundation.framework in Frameworks */,
			);
			runOnlyForDeploymentPostprocessing = 0;
		};
		1FD58B5D10BF613800919BE7 /* Frameworks */ = {
			isa = PBXFrameworksBuildPhase;
			buildActionMask = 2147483647;
			files = (
				1FD58B5E10BF613800919BE7 /* Foundation.framework in Frameworks */,
				1FD58B5F10BF613800919BE7 /* ExceptionHandling.framework in Frameworks */,
			);
			runOnlyForDeploymentPostprocessing = 0;
		};
/* End PBXFrameworksBuildPhase section */

/* Begin PBXGroup section */
		0D8F93640066CF95C35ADD82 /* MPWTest */ = {
			isa = PBXGroup;
			children = (
				1FFC4FCF135209A400377C45 /* TUnit */,
				1F4B925D0D4D378D00EA8493 /* testlogger */,
				0D8F93650066CF95C35ADD82 /* Classes */,
				0D8F936C0066CF95C35ADD82 /* Headers */,
				0D8F93730066CF95C35ADD82 /* Supporting Files */,
				0D8F93790066CF95C35ADD82 /* External Frameworks and Libraries */,
				0D8F937C0066CF95C35ADD82 /* Products */,
				1F4B92A10D4D382800EA8493 /* Info-MPWTest__Framework___Upgraded_.plist */,
				1FD58B6810BF613800919BE7 /* Info-MPWTest__Framework___Upgraded_ copy.plist */,
			);
			name = MPWTest;
			sourceTree = "<group>";
		};
		0D8F93650066CF95C35ADD82 /* Classes */ = {
			isa = PBXGroup;
			children = (
				1F61A03D10F901070043BB22 /* MPWTestSuite.m */,
				1F6A50E8072E69A1006C07C4 /* MPWTestAssertionHandler.m */,
				0D8F93660066CF95C35ADD82 /* MPWTestCase.m */,
				0D8F93670066CF95C35ADD82 /* MPWTestResults.m */,
				0D8F93690066CF95C35ADD82 /* NSObjectTestingSupport.m */,
				0D8F936A0066CF95C35ADD82 /* MPWLoggingTester.m */,
				0D8F936B0066CF95C35ADD82 /* NSBundleClassEnumeration.m */,
				1FC7E3271392BDFD0002E44E /* MPWClassMirror.h */,
				1FC7E3281392BDFD0002E44E /* MPWClassMirror.m */,
				1FADC20A13939A8000E6A52A /* MPWObjectMirror.h */,
				1FADC20B13939A8000E6A52A /* MPWObjectMirror.m */,
				1FADC2371393A62900E6A52A /* MPWMethodMirror.h */,
				1FADC2381393A62900E6A52A /* MPWMethodMirror.m */,
			);
			name = Classes;
			sourceTree = "<group>";
		};
		0D8F936C0066CF95C35ADD82 /* Headers */ = {
			isa = PBXGroup;
			children = (
				1F33C5A8117E61D100245E3E /* MPWTestSuite.h */,
				1F6A50E7072E69A1006C07C4 /* MPWTestAssertionHandler.h */,
				0D8F936D0066CF95C35ADD82 /* MPWTestCase.h */,
				0D8F936E0066CF95C35ADD82 /* MPWTestResults.h */,
				0D8F93700066CF95C35ADD82 /* NSObjectTestingSupport.h */,
				0D8F93710066CF95C35ADD82 /* MPWLoggingTester.h */,
				0D8F93720066CF95C35ADD82 /* NSBundleClassEnumeration.h */,
			);
			name = Headers;
			sourceTree = "<group>";
		};
		0D8F93730066CF95C35ADD82 /* Supporting Files */ = {
			isa = PBXGroup;
			children = (
				1FD58B6B10BF617200919BE7 /* dllmain.m */,
				0D8F93770066CF95C35ADD82 /* m.template */,
				0D8F93780066CF95C35ADD82 /* h.template */,
			);
			name = "Supporting Files";
			sourceTree = "<group>";
		};
		0D8F93790066CF95C35ADD82 /* External Frameworks and Libraries */ = {
			isa = PBXGroup;
			children = (
				1F346FFD0F2067E9003D39D2 /* ExceptionHandling.framework */,
				0D8F937A0066CF95C35ADD82 /* Foundation.framework */,
			);
			name = "External Frameworks and Libraries";
			sourceTree = "<group>";
		};
		0D8F937C0066CF95C35ADD82 /* Products */ = {
			isa = PBXGroup;
			children = (
				1F4B92540D4D377100EA8493 /* testlogger */,
				1F4B92A20D4D382800EA8493 /* MPWTest.framework */,
				1F0082D10DAD7A3D003E7ED1 /* testloggergc */,
				1FD58B6510BF613800919BE7 /* MPWTest.framework */,
				1F9C964F110D6BA500492929 /* testlogger */,
			);
			name = Products;
			sourceTree = "<group>";
		};
		1F4B925D0D4D378D00EA8493 /* testlogger */ = {
			isa = PBXGroup;
			children = (
				1F4B926A0D4D37B100EA8493 /* testlogger_main.m */,
			);
			name = testlogger;
			sourceTree = "<group>";
		};
		1FFC4FCF135209A400377C45 /* TUnit */ = {
			isa = PBXGroup;
			children = (
				1FB53F8D1376F39D009973F0 /* AccessorMacros.h */,
				1FFC4FF013520ADE00377C45 /* TTestCase.m */,
				1FFC4FF213520AE900377C45 /* TTestCase.h */,
				1FFC50981352470400377C45 /* TMockController.h */,
				1FFC50991352470400377C45 /* TMockController.m */,
				1FFC50C81352496D00377C45 /* TMockRecorder.h */,
				1FFC50C91352496D00377C45 /* TMockRecorder.m */,
				1FFFF9AA13743FAD00133789 /* TMessageExpectation.h */,
				1FFFF9AB13743FAD00133789 /* TMessageExpectation.m */,
				1FFC4FD0135209BF00377C45 /* Tests */,
			);
			path = TUnit;
			sourceTree = "<group>";
		};
		1FFC4FD0135209BF00377C45 /* Tests */ = {
			isa = PBXGroup;
			children = (
				1FFC4FDB135209FE00377C45 /* TObjectMockInjectionTest.m */,
				1FFFF8921373523E00133789 /* TObjectMockInjectionTest.h */,
				1FFC4FD6135209FE00377C45 /* TClassMockInjectionTest.m */,
				1FFFF82813733C9800133789 /* TClassMockInjectionTest.h */,
				1FFC4FD7135209FE00377C45 /* TClassMockTest.m */,
				1FFC5088135245DE00377C45 /* TClassMockTest.h */,
				1FFC4FD8135209FE00377C45 /* TMetaClassMockTest.m */,
				1FFC51FE1352F46600377C45 /* TMetaClassMockTest.h */,
				1FFC4FD9135209FE00377C45 /* TMockMessageTest.m */,
				1FFC4FDA135209FE00377C45 /* TMockTestClass.m */,
				1FFC5082135223F500377C45 /* TMockTestClass.h */,
				1FFC4FDC135209FE00377C45 /* TObjectMockTest.m */,
				1FFC4FDD135209FE00377C45 /* TProtocolMockTest.m */,
				1FFC4FDE135209FE00377C45 /* TTestCaseTest.m */,
				1FFC504213521AE300377C45 /* TTestCaseTest.h */,
				1FFC4FDF135209FE00377C45 /* TUnitTest.m */,
				1FFC506F13521FFF00377C45 /* TUnitTest.h */,
			);
			name = Tests;
			sourceTree = "<group>";
		};
/* End PBXGroup section */

/* Begin PBXHeadersBuildPhase section */
		1F4B92890D4D382800EA8493 /* Headers */ = {
			isa = PBXHeadersBuildPhase;
			buildActionMask = 2147483647;
			files = (
				1F4B928A0D4D382800EA8493 /* MPWTestCase.h in Headers */,
				1F4B928B0D4D382800EA8493 /* MPWTestResults.h in Headers */,
				1F4B928D0D4D382800EA8493 /* NSObjectTestingSupport.h in Headers */,
				1F4B928E0D4D382800EA8493 /* MPWLoggingTester.h in Headers */,
				1F4B928F0D4D382800EA8493 /* NSBundleClassEnumeration.h in Headers */,
				1F4B92900D4D382800EA8493 /* MPWTestAssertionHandler.h in Headers */,
				1F33C5AA117E61D100245E3E /* MPWTestSuite.h in Headers */,
				1FFC4FF313520AE900377C45 /* TTestCase.h in Headers */,
				1FFC504313521AE300377C45 /* TTestCaseTest.h in Headers */,
				1FFC5083135223F500377C45 /* TMockTestClass.h in Headers */,
				1FFC5089135245DE00377C45 /* TClassMockTest.h in Headers */,
				1FFC509A1352470400377C45 /* TMockController.h in Headers */,
				1FFC50CA1352496D00377C45 /* TMockRecorder.h in Headers */,
				1FFC51FF1352F46600377C45 /* TMetaClassMockTest.h in Headers */,
				1FFFF82913733C9800133789 /* TClassMockInjectionTest.h in Headers */,
				1FFFF8931373523E00133789 /* TObjectMockInjectionTest.h in Headers */,
				1FFFF9AC13743FAD00133789 /* TMessageExpectation.h in Headers */,
				1FB53F8E1376F39D009973F0 /* AccessorMacros.h in Headers */,
				1FC7E3291392BDFD0002E44E /* MPWClassMirror.h in Headers */,
				1FADC20C13939A8000E6A52A /* MPWObjectMirror.h in Headers */,
				1FADC2391393A62900E6A52A /* MPWMethodMirror.h in Headers */,
			);
			runOnlyForDeploymentPostprocessing = 0;
		};
		1FD58B4C10BF613800919BE7 /* Headers */ = {
			isa = PBXHeadersBuildPhase;
			buildActionMask = 2147483647;
			files = (
				1FD58B4D10BF613800919BE7 /* MPWTestCase.h in Headers */,
				1FD58B4E10BF613800919BE7 /* MPWTestResults.h in Headers */,
				1FD58B5010BF613800919BE7 /* NSObjectTestingSupport.h in Headers */,
				1FD58B5110BF613800919BE7 /* MPWLoggingTester.h in Headers */,
				1FD58B5210BF613800919BE7 /* NSBundleClassEnumeration.h in Headers */,
				1FD58B5310BF613800919BE7 /* MPWTestAssertionHandler.h in Headers */,
				1F33C5A9117E61D100245E3E /* MPWTestSuite.h in Headers */,
				1FC7E32D1392BDFD0002E44E /* MPWClassMirror.h in Headers */,
				1FADC21013939A8000E6A52A /* MPWObjectMirror.h in Headers */,
				1FADC23D1393A62900E6A52A /* MPWMethodMirror.h in Headers */,
			);
			runOnlyForDeploymentPostprocessing = 0;
		};
/* End PBXHeadersBuildPhase section */

/* Begin PBXNativeTarget section */
		1F0082D00DAD7A3D003E7ED1 /* testloggergc */ = {
			isa = PBXNativeTarget;
			buildConfigurationList = 1F0083B20DAD7A8C003E7ED1 /* Build configuration list for PBXNativeTarget "testloggergc" */;
			buildPhases = (
				1F0082CE0DAD7A3D003E7ED1 /* Sources */,
				1F0082CF0DAD7A3D003E7ED1 /* Frameworks */,
			);
			buildRules = (
			);
			dependencies = (
			);
			name = testloggergc;
			productName = testloggergc;
			productReference = 1F0082D10DAD7A3D003E7ED1 /* testloggergc */;
			productType = "com.apple.product-type.tool";
		};
		1F4B92530D4D377100EA8493 /* testlogger */ = {
			isa = PBXNativeTarget;
			buildConfigurationList = 1F4B925E0D4D378D00EA8493 /* Build configuration list for PBXNativeTarget "testlogger" */;
			buildPhases = (
				1F4B92510D4D377100EA8493 /* Sources */,
				1F4B92520D4D377100EA8493 /* Frameworks */,
			);
			buildRules = (
			);
			dependencies = (
			);
			name = testlogger;
			productName = testlogger;
			productReference = 1F4B92540D4D377100EA8493 /* testlogger */;
			productType = "com.apple.product-type.tool";
		};
		1F4B92880D4D382800EA8493 /* MPWTest (Framework) (Upgraded) */ = {
			isa = PBXNativeTarget;
			buildConfigurationList = 1F4B929D0D4D382800EA8493 /* Build configuration list for PBXNativeTarget "MPWTest (Framework) (Upgraded)" */;
			buildPhases = (
				1F4B92890D4D382800EA8493 /* Headers */,
				1F4B92910D4D382800EA8493 /* Resources */,
				1F4B92920D4D382800EA8493 /* Sources */,
				1F4B929A0D4D382800EA8493 /* Frameworks */,
				1F4B929C0D4D382800EA8493 /* Rez */,
			);
			buildRules = (
			);
			dependencies = (
			);
			name = "MPWTest (Framework) (Upgraded)";
			productInstallPath = "$(HOME)/Library/Frameworks";
			productName = "MPWTest (Framework)";
			productReference = 1F4B92A20D4D382800EA8493 /* MPWTest.framework */;
			productType = "com.apple.product-type.framework";
		};
		1F9C963E110D6BA500492929 /* testlogger (Windows) */ = {
			isa = PBXNativeTarget;
			buildConfigurationList = 1F9C964A110D6BA500492929 /* Build configuration list for PBXNativeTarget "testlogger (Windows)" */;
			buildPhases = (
				1F9C963F110D6BA500492929 /* Sources */,
				1F9C9648110D6BA500492929 /* Frameworks */,
			);
			buildRules = (
				1F9C9659110D6BEE00492929 /* PBXBuildRule */,
			);
			dependencies = (
			);
			name = "testlogger (Windows)";
			productName = testlogger;
			productReference = 1F9C964F110D6BA500492929 /* testlogger */;
			productType = "com.apple.product-type.tool";
		};
		1FD58B4B10BF613800919BE7 /* MPWTest (Windows framework) */ = {
			isa = PBXNativeTarget;
			buildConfigurationList = 1FD58B6110BF613800919BE7 /* Build configuration list for PBXNativeTarget "MPWTest (Windows framework)" */;
			buildPhases = (
				1FD58B4C10BF613800919BE7 /* Headers */,
				1FD58B5410BF613800919BE7 /* Resources */,
				1FD58B5510BF613800919BE7 /* Sources */,
				1FD58B5D10BF613800919BE7 /* Frameworks */,
				1FD58B6010BF613800919BE7 /* Rez */,
			);
			buildRules = (
				1FD58B8810BF63E400919BE7 /* PBXBuildRule */,
			);
			dependencies = (
			);
			name = "MPWTest (Windows framework)";
			productInstallPath = "$(HOME)/Library/Frameworks";
			productName = "MPWTest (Framework)";
			productReference = 1FD58B6510BF613800919BE7 /* MPWTest.framework */;
			productType = "com.apple.product-type.framework";
		};
/* End PBXNativeTarget section */

/* Begin PBXProject section */
		0D8F93630066CF95C35ADD82 /* Project object */ = {
			isa = PBXProject;
			attributes = {
			};
			buildConfigurationList = 1FE20DD1091E321900161270 /* Build configuration list for PBXProject "MPWTest" */;
			compatibilityVersion = "Xcode 2.4";
			developmentRegion = English;
			hasScannedForEncodings = 1;
			knownRegions = (
				English,
				Japanese,
				French,
				German,
			);
			mainGroup = 0D8F93640066CF95C35ADD82 /* MPWTest */;
			productRefGroup = 0D8F937C0066CF95C35ADD82 /* Products */;
			projectDirPath = "";
			projectRoot = "";
			targets = (
				1F4B92880D4D382800EA8493 /* MPWTest (Framework) (Upgraded) */,
				1F4B92530D4D377100EA8493 /* testlogger */,
				1F0082D00DAD7A3D003E7ED1 /* testloggergc */,
				1F902C570DAEA598008191F0 /* All */,
				1FD58B4B10BF613800919BE7 /* MPWTest (Windows framework) */,
				1F9C963E110D6BA500492929 /* testlogger (Windows) */,
			);
		};
/* End PBXProject section */

/* Begin PBXResourcesBuildPhase section */
		1F4B92910D4D382800EA8493 /* Resources */ = {
			isa = PBXResourcesBuildPhase;
			buildActionMask = 2147483647;
			files = (
				1FFC507013521FFF00377C45 /* TUnitTest.h in Resources */,
			);
			runOnlyForDeploymentPostprocessing = 0;
		};
		1FD58B5410BF613800919BE7 /* Resources */ = {
			isa = PBXResourcesBuildPhase;
			buildActionMask = 2147483647;
			files = (
			);
			runOnlyForDeploymentPostprocessing = 0;
		};
/* End PBXResourcesBuildPhase section */

/* Begin PBXRezBuildPhase section */
		1F4B929C0D4D382800EA8493 /* Rez */ = {
			isa = PBXRezBuildPhase;
			buildActionMask = 2147483647;
			files = (
			);
			runOnlyForDeploymentPostprocessing = 0;
		};
		1FD58B6010BF613800919BE7 /* Rez */ = {
			isa = PBXRezBuildPhase;
			buildActionMask = 2147483647;
			files = (
			);
			runOnlyForDeploymentPostprocessing = 0;
		};
/* End PBXRezBuildPhase section */

/* Begin PBXSourcesBuildPhase section */
		1F0082CE0DAD7A3D003E7ED1 /* Sources */ = {
			isa = PBXSourcesBuildPhase;
			buildActionMask = 2147483647;
			files = (
				1F9C971B1116583200492929 /* MPWTestAssertionHandler.m in Sources */,
				1F9C971C1116583200492929 /* MPWTestCase.m in Sources */,
				1F9C971D1116583200492929 /* MPWTestResults.m in Sources */,
				1F9C971E1116583200492929 /* NSObjectTestingSupport.m in Sources */,
				1F9C971F1116583200492929 /* MPWLoggingTester.m in Sources */,
				1F9C97201116583200492929 /* NSBundleClassEnumeration.m in Sources */,
				1F0082D60DAD7A51003E7ED1 /* testlogger_main.m in Sources */,
				1F61A04210F901070043BB22 /* MPWTestSuite.m in Sources */,
				1FC7E32C1392BDFD0002E44E /* MPWClassMirror.m in Sources */,
				1FADC20F13939A8000E6A52A /* MPWObjectMirror.m in Sources */,
				1FADC23C1393A62900E6A52A /* MPWMethodMirror.m in Sources */,
			);
			runOnlyForDeploymentPostprocessing = 0;
		};
		1F4B92510D4D377100EA8493 /* Sources */ = {
			isa = PBXSourcesBuildPhase;
			buildActionMask = 2147483647;
			files = (
				1FFC50E41352509600377C45 /* MPWTestSuite.m in Sources */,
				1FFC50E51352509600377C45 /* MPWTestAssertionHandler.m in Sources */,
				1FFC50E61352509600377C45 /* MPWTestCase.m in Sources */,
				1FFC50E71352509600377C45 /* MPWTestResults.m in Sources */,
				1FFC50E81352509600377C45 /* NSObjectTestingSupport.m in Sources */,
				1FFC50E91352509600377C45 /* MPWLoggingTester.m in Sources */,
				1FFC50E31352508800377C45 /* NSBundleClassEnumeration.m in Sources */,
				1F4B926B0D4D37B100EA8493 /* testlogger_main.m in Sources */,
				1FC7E32B1392BDFD0002E44E /* MPWClassMirror.m in Sources */,
				1FADC20E13939A8000E6A52A /* MPWObjectMirror.m in Sources */,
				1FADC23B1393A62900E6A52A /* MPWMethodMirror.m in Sources */,
			);
			runOnlyForDeploymentPostprocessing = 0;
		};
		1F4B92920D4D382800EA8493 /* Sources */ = {
			isa = PBXSourcesBuildPhase;
			buildActionMask = 2147483647;
			files = (
				1F4B92930D4D382800EA8493 /* MPWTestCase.m in Sources */,
				1F4B92940D4D382800EA8493 /* MPWTestResults.m in Sources */,
				1F4B92960D4D382800EA8493 /* NSObjectTestingSupport.m in Sources */,
				1F4B92970D4D382800EA8493 /* MPWLoggingTester.m in Sources */,
				1F4B92980D4D382800EA8493 /* NSBundleClassEnumeration.m in Sources */,
				1F4B92990D4D382800EA8493 /* MPWTestAssertionHandler.m in Sources */,
				1F61A03F10F901070043BB22 /* MPWTestSuite.m in Sources */,
				1FFC4FF113520ADE00377C45 /* TTestCase.m in Sources */,
				1FFC504413521B0D00377C45 /* TTestCaseTest.m in Sources */,
				1FFC50731352202500377C45 /* TUnitTest.m in Sources */,
				1FFC50861352243D00377C45 /* TMockTestClass.m in Sources */,
				1FFC5087135245D100377C45 /* TClassMockTest.m in Sources */,
				1FFC509B1352470400377C45 /* TMockController.m in Sources */,
				1FFC50CB1352496D00377C45 /* TMockRecorder.m in Sources */,
				1FFFF9AD13743FAD00133789 /* TMessageExpectation.m in Sources */,
				1FC7E32A1392BDFD0002E44E /* MPWClassMirror.m in Sources */,
				1FADC20D13939A8000E6A52A /* MPWObjectMirror.m in Sources */,
				1FADC23A1393A62900E6A52A /* MPWMethodMirror.m in Sources */,
				1FBB17FE1395614600AA9954 /* TMetaClassMockTest.m in Sources */,
				1F7926E1139616AD00C21BF9 /* TClassMockInjectionTest.m in Sources */,
				1F79276413963A3D00C21BF9 /* TObjectMockInjectionTest.m in Sources */,
			);
			runOnlyForDeploymentPostprocessing = 0;
		};
		1F9C963F110D6BA500492929 /* Sources */ = {
			isa = PBXSourcesBuildPhase;
			buildActionMask = 2147483647;
			files = (
				1F9C9640110D6BA500492929 /* MPWTestAssertionHandler.m in Sources */,
				1F9C9641110D6BA500492929 /* MPWTestCase.m in Sources */,
				1F9C9642110D6BA500492929 /* MPWTestResults.m in Sources */,
				1F9C9643110D6BA500492929 /* NSObjectTestingSupport.m in Sources */,
				1F9C9644110D6BA500492929 /* MPWLoggingTester.m in Sources */,
				1F9C9645110D6BA500492929 /* NSBundleClassEnumeration.m in Sources */,
				1F9C9646110D6BA500492929 /* testlogger_main.m in Sources */,
				1F9C9647110D6BA500492929 /* MPWTestSuite.m in Sources */,
				1FC7E32F1392BDFD0002E44E /* MPWClassMirror.m in Sources */,
				1FADC21213939A8000E6A52A /* MPWObjectMirror.m in Sources */,
				1FADC23F1393A62900E6A52A /* MPWMethodMirror.m in Sources */,
			);
			runOnlyForDeploymentPostprocessing = 0;
		};
		1FD58B5510BF613800919BE7 /* Sources */ = {
			isa = PBXSourcesBuildPhase;
			buildActionMask = 2147483647;
			files = (
				1FD58B5610BF613800919BE7 /* MPWTestCase.m in Sources */,
				1FD58B5710BF613800919BE7 /* MPWTestResults.m in Sources */,
				1FD58B5910BF613800919BE7 /* NSObjectTestingSupport.m in Sources */,
				1FD58B5A10BF613800919BE7 /* MPWLoggingTester.m in Sources */,
				1FD58B5B10BF613800919BE7 /* NSBundleClassEnumeration.m in Sources */,
				1FD58B5C10BF613800919BE7 /* MPWTestAssertionHandler.m in Sources */,
				1FD58B6C10BF617200919BE7 /* dllmain.m in Sources */,
				1F61A03E10F901070043BB22 /* MPWTestSuite.m in Sources */,
				1FC7E32E1392BDFD0002E44E /* MPWClassMirror.m in Sources */,
				1FADC21113939A8000E6A52A /* MPWObjectMirror.m in Sources */,
				1FADC23E1393A62900E6A52A /* MPWMethodMirror.m in Sources */,
			);
			runOnlyForDeploymentPostprocessing = 0;
		};
/* End PBXSourcesBuildPhase section */

/* Begin PBXTargetDependency section */
		1F902C610DAEA5A2008191F0 /* PBXTargetDependency */ = {
			isa = PBXTargetDependency;
			target = 1F0082D00DAD7A3D003E7ED1 /* testloggergc */;
			targetProxy = 1F902C600DAEA5A2008191F0 /* PBXContainerItemProxy */;
		};
		1F902C650DAEA5AB008191F0 /* PBXTargetDependency */ = {
			isa = PBXTargetDependency;
			target = 1F4B92530D4D377100EA8493 /* testlogger */;
			targetProxy = 1F902C640DAEA5AB008191F0 /* PBXContainerItemProxy */;
		};
		1F902C670DAEA5AF008191F0 /* PBXTargetDependency */ = {
			isa = PBXTargetDependency;
			target = 1F4B92880D4D382800EA8493 /* MPWTest (Framework) (Upgraded) */;
			targetProxy = 1F902C660DAEA5AF008191F0 /* PBXContainerItemProxy */;
		};
/* End PBXTargetDependency section */

/* Begin XCBuildConfiguration section */
		1F0082D30DAD7A3E003E7ED1 /* Development */ = {
			isa = XCBuildConfiguration;
			buildSettings = {
				ALWAYS_SEARCH_USER_PATHS = NO;
				ARCHS = "$(ARCHS_STANDARD_32_BIT)";
				COPY_PHASE_STRIP = NO;
				GCC_DYNAMIC_NO_PIC = NO;
				GCC_ENABLE_FIX_AND_CONTINUE = YES;
				GCC_ENABLE_OBJC_GC = required;
				GCC_MODEL_TUNING = G5;
				GCC_OPTIMIZATION_LEVEL = 0;
				GCC_PRECOMPILE_PREFIX_HEADER = YES;
				GCC_PREFIX_HEADER = "$(SYSTEM_LIBRARY_DIR)/Frameworks/AppKit.framework/Headers/AppKit.h";
				INSTALL_PATH = /usr/local/bin;
				OTHER_LDFLAGS = (
					"-framework",
					Foundation,
					"-framework",
					AppKit,
				);
				PREBINDING = NO;
				PRODUCT_NAME = testloggergc;
			};
			name = Development;
		};
		1F0082D40DAD7A3E003E7ED1 /* Deployment */ = {
			isa = XCBuildConfiguration;
			buildSettings = {
				ALWAYS_SEARCH_USER_PATHS = NO;
				ARCHS = "$(ARCHS_STANDARD_32_BIT)";
				COPY_PHASE_STRIP = YES;
				DEBUG_INFORMATION_FORMAT = "dwarf-with-dsym";
				GCC_ENABLE_FIX_AND_CONTINUE = NO;
				GCC_ENABLE_OBJC_GC = required;
				GCC_MODEL_TUNING = G5;
				GCC_PRECOMPILE_PREFIX_HEADER = YES;
				GCC_PREFIX_HEADER = "$(SYSTEM_LIBRARY_DIR)/Frameworks/AppKit.framework/Headers/AppKit.h";
				INSTALL_PATH = /usr/local/bin;
				OTHER_LDFLAGS = (
					"-framework",
					Foundation,
					"-framework",
					AppKit,
				);
				PREBINDING = NO;
				PRODUCT_NAME = testloggergc;
				ZERO_LINK = NO;
			};
			name = Deployment;
		};
		1F0082D50DAD7A3E003E7ED1 /* Default */ = {
			isa = XCBuildConfiguration;
			buildSettings = {
				ALWAYS_SEARCH_USER_PATHS = NO;
				ARCHS = "$(ARCHS_STANDARD_32_BIT)";
				GCC_ENABLE_FIX_AND_CONTINUE = YES;
				GCC_ENABLE_OBJC_GC = required;
				GCC_MODEL_TUNING = G5;
				GCC_PRECOMPILE_PREFIX_HEADER = YES;
				GCC_PREFIX_HEADER = "$(SYSTEM_LIBRARY_DIR)/Frameworks/AppKit.framework/Headers/AppKit.h";
				INSTALL_PATH = /usr/local/bin;
				OTHER_LDFLAGS = (
					"-framework",
					Foundation,
					"-framework",
					AppKit,
				);
				PREBINDING = NO;
				PRODUCT_NAME = testloggergc;
			};
			name = Default;
		};
		1F4B92560D4D377200EA8493 /* Development */ = {
			isa = XCBuildConfiguration;
			buildSettings = {
				ARCHS = "$(ARCHS_STANDARD_32_64_BIT)";
				COPY_PHASE_STRIP = NO;
				FRAMEWORK_SEARCH_PATHS = (
					"$(inherited)",
					"$(FRAMEWORK_SEARCH_PATHS_QUOTED_FOR_TARGET_1)",
				);
				FRAMEWORK_SEARCH_PATHS_QUOTED_FOR_TARGET_1 = "\"$(SRCROOT)/../../Build\"";
				GCC_DYNAMIC_NO_PIC = NO;
				GCC_ENABLE_FIX_AND_CONTINUE = YES;
				GCC_MODEL_TUNING = G5;
				GCC_OPTIMIZATION_LEVEL = 0;
				GCC_PRECOMPILE_PREFIX_HEADER = YES;
				GCC_PREFIX_HEADER = "$(SYSTEM_LIBRARY_DIR)/Frameworks/AppKit.framework/Headers/AppKit.h";
				GCC_VERSION = "";
				INSTALL_PATH = /usr/local/bin;
				OTHER_LDFLAGS = "";
				PREBINDING = NO;
				PRODUCT_NAME = testlogger;
				ZERO_LINK = YES;
			};
			name = Development;
		};
		1F4B92570D4D377200EA8493 /* Deployment */ = {
			isa = XCBuildConfiguration;
			buildSettings = {
				ARCHS = "$(ARCHS_STANDARD_32_64_BIT)";
				COPY_PHASE_STRIP = YES;
				DEBUG_INFORMATION_FORMAT = "dwarf-with-dsym";
				FRAMEWORK_SEARCH_PATHS = (
					"$(inherited)",
					"$(FRAMEWORK_SEARCH_PATHS_QUOTED_1)",
				);
				FRAMEWORK_SEARCH_PATHS_QUOTED_1 = "\"$(SRCROOT)/../../Build\"";
				GCC_ENABLE_FIX_AND_CONTINUE = NO;
				GCC_MODEL_TUNING = G5;
				GCC_PRECOMPILE_PREFIX_HEADER = YES;
				GCC_PREFIX_HEADER = "$(SYSTEM_LIBRARY_DIR)/Frameworks/AppKit.framework/Headers/AppKit.h";
				GCC_PREPROCESSOR_DEFINITIONS = "MPWTEST=1";
				GCC_VERSION = "";
				INSTALL_PATH = /usr/local/bin;
				OTHER_LDFLAGS = "";
				PREBINDING = NO;
				PRODUCT_NAME = testlogger;
				ZERO_LINK = NO;
			};
			name = Deployment;
		};
		1F4B92580D4D377200EA8493 /* Default */ = {
			isa = XCBuildConfiguration;
			buildSettings = {
				ARCHS = "$(ARCHS_STANDARD_32_64_BIT)";
				FRAMEWORK_SEARCH_PATHS = (
					"$(inherited)",
					"$(FRAMEWORK_SEARCH_PATHS_QUOTED_1)",
				);
				FRAMEWORK_SEARCH_PATHS_QUOTED_1 = "\"$(SRCROOT)/../../Build\"";
				GCC_ENABLE_FIX_AND_CONTINUE = YES;
				GCC_MODEL_TUNING = G5;
				GCC_PRECOMPILE_PREFIX_HEADER = YES;
				GCC_PREFIX_HEADER = "$(SYSTEM_LIBRARY_DIR)/Frameworks/AppKit.framework/Headers/AppKit.h";
				GCC_VERSION = "";
				INSTALL_PATH = /usr/local/bin;
				OTHER_LDFLAGS = "";
				PREBINDING = NO;
				PRODUCT_NAME = testlogger;
				ZERO_LINK = YES;
			};
			name = Default;
		};
		1F4B929E0D4D382800EA8493 /* Development */ = {
			isa = XCBuildConfiguration;
			buildSettings = {
				ARCHS = "$(ARCHS_STANDARD_32_64_BIT)";
				COPY_PHASE_STRIP = NO;
				DYLIB_COMPATIBILITY_VERSION = 1;
				DYLIB_CURRENT_VERSION = 1;
				FRAMEWORK_SEARCH_PATHS = "";
				FRAMEWORK_VERSION = A;
				GCC_DYNAMIC_NO_PIC = NO;
				GCC_ENABLE_FIX_AND_CONTINUE = YES;
				GCC_ENABLE_OBJC_GC = YES;
				GCC_GENERATE_DEBUGGING_SYMBOLS = YES;
				GCC_OPTIMIZATION_LEVEL = 0;
				GCC_SYMBOLS_PRIVATE_EXTERN = NO;
				GCC_VERSION = "";
				HEADER_SEARCH_PATHS = "";
				INFOPLIST_FILE = "Info-MPWTest__Framework___Upgraded_.plist";
				INSTALL_PATH = "$(HOME)/Library/Frameworks";
				OTHER_CFLAGS = "";
				OTHER_LDFLAGS = "";
				OTHER_LIBTOOL_FLAGS = "";
				OTHER_REZFLAGS = "";
				PRINCIPAL_CLASS = "";
				PRODUCT_NAME = MPWTest;
				SECTORDER_FLAGS = "";
				WARNING_CFLAGS = (
					"-Wmost",
					"-Wno-four-char-constants",
					"-Wno-unknown-pragmas",
				);
				WRAPPER_EXTENSION = framework;
				ZERO_LINK = YES;
			};
			name = Development;
		};
		1F4B929F0D4D382800EA8493 /* Deployment */ = {
			isa = XCBuildConfiguration;
			buildSettings = {
				ARCHS = "$(ARCHS_STANDARD_32_64_BIT)";
				COPY_PHASE_STRIP = YES;
				DYLIB_COMPATIBILITY_VERSION = 1;
				DYLIB_CURRENT_VERSION = 1;
				FRAMEWORK_SEARCH_PATHS = "";
				FRAMEWORK_VERSION = A;
				GCC_ENABLE_FIX_AND_CONTINUE = NO;
				GCC_ENABLE_OBJC_GC = YES;
				GCC_PREPROCESSOR_DEFINITIONS = "MPWTEST=1";
				GCC_SYMBOLS_PRIVATE_EXTERN = NO;
				GCC_VERSION = "";
				HEADER_SEARCH_PATHS = "";
				INFOPLIST_FILE = "Info-MPWTest__Framework___Upgraded_.plist";
				INSTALL_PATH = "$(HOME)/Library/Frameworks";
				OTHER_CFLAGS = "";
				OTHER_LDFLAGS = "";
				OTHER_LIBTOOL_FLAGS = "";
				OTHER_REZFLAGS = "";
				PRINCIPAL_CLASS = "";
				PRODUCT_NAME = MPWTest;
				SECTORDER_FLAGS = "";
				WARNING_CFLAGS = (
					"-Wmost",
					"-Wno-four-char-constants",
					"-Wno-unknown-pragmas",
				);
				WRAPPER_EXTENSION = framework;
				ZERO_LINK = NO;
			};
			name = Deployment;
		};
		1F4B92A00D4D382800EA8493 /* Default */ = {
			isa = XCBuildConfiguration;
			buildSettings = {
				ARCHS = "$(ARCHS_STANDARD_32_64_BIT)";
				DYLIB_COMPATIBILITY_VERSION = 1;
				DYLIB_CURRENT_VERSION = 1;
				FRAMEWORK_SEARCH_PATHS = "";
				FRAMEWORK_VERSION = A;
				GCC_ENABLE_OBJC_GC = YES;
				GCC_PREPROCESSOR_DEFINITIONS = "`uname`";
				GCC_SYMBOLS_PRIVATE_EXTERN = NO;
				GCC_VERSION = "";
				HEADER_SEARCH_PATHS = "";
				INFOPLIST_FILE = "Info-MPWTest__Framework___Upgraded_.plist";
				INSTALL_PATH = "$(HOME)/Library/Frameworks";
				OTHER_CFLAGS = "";
				OTHER_LDFLAGS = "";
				OTHER_LIBTOOL_FLAGS = "";
				OTHER_REZFLAGS = "";
				PRINCIPAL_CLASS = "";
				PRODUCT_NAME = MPWTest;
				SECTORDER_FLAGS = "";
				WARNING_CFLAGS = (
					"-Wmost",
					"-Wno-four-char-constants",
					"-Wno-unknown-pragmas",
				);
				WRAPPER_EXTENSION = framework;
			};
			name = Default;
		};
		1F902C580DAEA598008191F0 /* Development */ = {
			isa = XCBuildConfiguration;
			buildSettings = {
				COPY_PHASE_STRIP = NO;
				GCC_DYNAMIC_NO_PIC = NO;
				GCC_OPTIMIZATION_LEVEL = 0;
				PRODUCT_NAME = All;
			};
			name = Development;
		};
		1F902C590DAEA598008191F0 /* Deployment */ = {
			isa = XCBuildConfiguration;
			buildSettings = {
				COPY_PHASE_STRIP = YES;
				DEBUG_INFORMATION_FORMAT = "dwarf-with-dsym";
				GCC_ENABLE_FIX_AND_CONTINUE = NO;
				PRODUCT_NAME = All;
				ZERO_LINK = NO;
			};
			name = Deployment;
		};
		1F902C5A0DAEA598008191F0 /* Default */ = {
			isa = XCBuildConfiguration;
			buildSettings = {
				PRODUCT_NAME = All;
			};
			name = Default;
		};
		1F9C964B110D6BA500492929 /* Development */ = {
			isa = XCBuildConfiguration;
			buildSettings = {
				COPY_PHASE_STRIP = NO;
				FRAMEWORK_SEARCH_PATHS = (
					"$(inherited)",
					"$(FRAMEWORK_SEARCH_PATHS_QUOTED_FOR_TARGET_1)",
				);
				FRAMEWORK_SEARCH_PATHS_QUOTED_FOR_TARGET_1 = "\"$(SRCROOT)/../../Build\"";
				GCC_DYNAMIC_NO_PIC = NO;
				GCC_ENABLE_FIX_AND_CONTINUE = YES;
				GCC_MODEL_TUNING = G5;
				GCC_OPTIMIZATION_LEVEL = 0;
				GCC_PRECOMPILE_PREFIX_HEADER = YES;
				GCC_PREFIX_HEADER = "$(SYSTEM_LIBRARY_DIR)/Frameworks/AppKit.framework/Headers/AppKit.h";
				INSTALL_PATH = /usr/local/bin;
				OTHER_LDFLAGS = "";
				PREBINDING = NO;
				PRODUCT_NAME = testlogger;
				ZERO_LINK = YES;
			};
			name = Development;
		};
		1F9C964C110D6BA500492929 /* Deployment */ = {
			isa = XCBuildConfiguration;
			buildSettings = {
				COPY_PHASE_STRIP = YES;
				DEBUG_INFORMATION_FORMAT = "dwarf-with-dsym";
				FRAMEWORK_SEARCH_PATHS = (
					"$(inherited)",
					"$(FRAMEWORK_SEARCH_PATHS_QUOTED_1)",
				);
				FRAMEWORK_SEARCH_PATHS_QUOTED_1 = "\"$(SRCROOT)/../../Build\"";
				GCC_ENABLE_FIX_AND_CONTINUE = NO;
				GCC_MODEL_TUNING = G5;
				GCC_PRECOMPILE_PREFIX_HEADER = YES;
				GCC_PREFIX_HEADER = "$(SYSTEM_LIBRARY_DIR)/Frameworks/AppKit.framework/Headers/AppKit.h";
				INSTALL_PATH = /usr/local/bin;
				OTHER_LDFLAGS = "";
				PREBINDING = NO;
				PRODUCT_NAME = testlogger;
				ZERO_LINK = NO;
			};
			name = Deployment;
		};
		1F9C964D110D6BA500492929 /* Default */ = {
			isa = XCBuildConfiguration;
			buildSettings = {
				FRAMEWORK_SEARCH_PATHS = (
					"$(inherited)",
					"$(FRAMEWORK_SEARCH_PATHS_QUOTED_1)",
				);
				FRAMEWORK_SEARCH_PATHS_QUOTED_1 = "\"$(SRCROOT)/../../Build\"";
				GCC_ENABLE_FIX_AND_CONTINUE = YES;
				GCC_MODEL_TUNING = G5;
				GCC_PRECOMPILE_PREFIX_HEADER = YES;
				GCC_PREFIX_HEADER = "$(SYSTEM_LIBRARY_DIR)/Frameworks/AppKit.framework/Headers/AppKit.h";
				INSTALL_PATH = /usr/local/bin;
				OTHER_LDFLAGS = "";
				PREBINDING = NO;
				PRODUCT_NAME = testlogger;
				ZERO_LINK = YES;
			};
			name = Default;
		};
		1F9C964E110D6BA500492929 /* Release */ = {
			isa = XCBuildConfiguration;
			buildSettings = {
				EXECUTABLE_SUFFIX = .exe;
				FRAMEWORK_SEARCH_PATHS = "/Developer/Cocotron/1.0/Windows/i386/Frameworks/**";
				GCC_DYNAMIC_NO_PIC = NO;
				GCC_ENABLE_FIX_AND_CONTINUE = NO;
				GCC_MODEL_TUNING = G5;
				GCC_PRECOMPILE_PREFIX_HEADER = NO;
				GCC_PREFIX_HEADER = "";
				INSTALL_PATH = /usr/local/bin;
				OTHER_LDFLAGS = "";
				PREBINDING = NO;
				PRODUCT_NAME = testlogger;
			};
			name = Release;
		};
		1FD58B6210BF613800919BE7 /* Development */ = {
			isa = XCBuildConfiguration;
			buildSettings = {
				ARCHS = i386;
				ARCHS_STANDARD_32_64_BIT_PRE_XCODE_3_1 = "ppc i386 ppc64 x86_64";
				COPY_PHASE_STRIP = NO;
				FRAMEWORK_SEARCH_PATHS = "/Developer/Cocotron/1.0/Windows/i386/Frameworks/**";
				FRAMEWORK_VERSION = A;
				GCC_DYNAMIC_NO_PIC = NO;
				GCC_ENABLE_FIX_AND_CONTINUE = YES;
				GCC_ENABLE_OBJC_GC = "";
				GCC_GENERATE_DEBUGGING_SYMBOLS = YES;
				GCC_OPTIMIZATION_LEVEL = 0;
				GCC_PLATFORM_DEFINES = "-DWINDOWS";
				GCC_SYMBOLS_PRIVATE_EXTERN = NO;
				GCC_VERSION = 4.3.1;
				HEADER_SEARCH_PATHS = "";
				INFOPLIST_FILE = "Info-MPWTest__Framework___Upgraded_ copy.plist";
				INSTALL_PATH = "$(HOME)/Library/Frameworks";
				ONLY_ACTIVE_ARCH = NO;
				OTHER_CFLAGS = "";
				OTHER_LDFLAGS = (
					"-B,static",
					"-lffi",
					"-B,dynamic",
					"-shared",
					"-lwsock32",
					"-Wl,--out-implib,/Developer/Cocotron/1.0/Windows/i386/Frameworks/MPWTest.framework/libMPWTest.a",
					"-Wl,--export-all-symbols",
				);
				OTHER_LIBTOOL_FLAGS = "";
				OTHER_REZFLAGS = "";
				PRINCIPAL_CLASS = "";
				PRODUCT_NAME = MPWTest;
				SDKROOT = "";
				SECTORDER_FLAGS = "";
				WARNING_CFLAGS = (
					"-Wall",
					"-Wno-unknown-pragmas",
				);
				WRAPPER_EXTENSION = framework;
				ZERO_LINK = NO;
			};
			name = Development;
		};
		1FD58B6310BF613800919BE7 /* Deployment */ = {
			isa = XCBuildConfiguration;
			buildSettings = {
				ARCHS = i386;
				ARCHS_STANDARD_32_64_BIT_PRE_XCODE_3_1 = "ppc i386 ppc64 x86_64";
				COPY_PHASE_STRIP = YES;
				FRAMEWORK_SEARCH_PATHS = "";
				FRAMEWORK_VERSION = A;
				GCC_ENABLE_FIX_AND_CONTINUE = NO;
				GCC_ENABLE_OBJC_GC = YES;
				GCC_PREPROCESSOR_DEFINITIONS = "`uname`";
				GCC_SYMBOLS_PRIVATE_EXTERN = NO;
				GCC_VERSION = 4.3.1;
				HEADER_SEARCH_PATHS = "";
				INFOPLIST_FILE = "Info-MPWTest__Framework___Upgraded_ copy.plist";
				INSTALL_PATH = "$(HOME)/Library/Frameworks";
				ONLY_ACTIVE_ARCH = NO;
				OTHER_CFLAGS = "";
				OTHER_LDFLAGS = (
					"-B,static",
					"-lffi",
					"-B,dynamic",
					"-shared",
					"-lwsock32",
					"-Wl,--out-implib,/Developer/Cocotron/1.0/Windows/i386/Frameworks/MPWTest.framework/libMPWTest.a",
					"-Wl,--export-all-symbols",
				);
				OTHER_LIBTOOL_FLAGS = "";
				OTHER_REZFLAGS = "";
				PRINCIPAL_CLASS = "";
				PRODUCT_NAME = MPWTest;
				SECTORDER_FLAGS = "";
				WARNING_CFLAGS = (
					"-Wmost",
					"-Wno-four-char-constants",
					"-Wno-unknown-pragmas",
				);
				WRAPPER_EXTENSION = framework;
				ZERO_LINK = NO;
			};
			name = Deployment;
		};
		1FD58B6410BF613800919BE7 /* Default */ = {
			isa = XCBuildConfiguration;
			buildSettings = {
				ARCHS = i386;
				ARCHS_STANDARD_32_64_BIT_PRE_XCODE_3_1 = "ppc i386 ppc64 x86_64";
				FRAMEWORK_SEARCH_PATHS = "";
				FRAMEWORK_VERSION = A;
				GCC_ENABLE_OBJC_GC = YES;
				GCC_PREPROCESSOR_DEFINITIONS = "`uname`";
				GCC_SYMBOLS_PRIVATE_EXTERN = NO;
				GCC_VERSION = 4.3.1;
				HEADER_SEARCH_PATHS = "";
				INFOPLIST_FILE = "Info-MPWTest__Framework___Upgraded_ copy.plist";
				INSTALL_PATH = "$(HOME)/Library/Frameworks";
				ONLY_ACTIVE_ARCH = NO;
				OTHER_CFLAGS = "";
				OTHER_LDFLAGS = (
					"-B,static",
					"-lffi",
					"-B,dynamic",
					"-shared",
					"-lwsock32",
					"-Wl,--out-implib,/Developer/Cocotron/1.0/Windows/i386/Frameworks/MPWTest.framework/libMPWTest.a",
					"-Wl,--export-all-symbols",
				);
				OTHER_LIBTOOL_FLAGS = "";
				OTHER_REZFLAGS = "";
				PRINCIPAL_CLASS = "";
				PRODUCT_NAME = MPWTest;
				SECTORDER_FLAGS = "";
				WARNING_CFLAGS = (
					"-Wmost",
					"-Wno-four-char-constants",
					"-Wno-unknown-pragmas",
				);
				WRAPPER_EXTENSION = framework;
			};
			name = Default;
		};
		1FD58B7910BF633A00919BE7 /* Release */ = {
			isa = XCBuildConfiguration;
			buildSettings = {
			};
			name = Release;
		};
		1FD58B7A10BF633A00919BE7 /* Release */ = {
			isa = XCBuildConfiguration;
			buildSettings = {
				ARCHS = "$(ARCHS_STANDARD_32_64_BIT)";
				DYLIB_COMPATIBILITY_VERSION = 1;
				DYLIB_CURRENT_VERSION = 1;
				FRAMEWORK_SEARCH_PATHS = "";
				FRAMEWORK_VERSION = A;
				GCC_C_LANGUAGE_STANDARD = gnu99;
				GCC_ENABLE_OBJC_GC = YES;
				GCC_PREPROCESSOR_DEFINITIONS = "";
				GCC_SYMBOLS_PRIVATE_EXTERN = NO;
				GCC_VERSION = "";
				HEADER_SEARCH_PATHS = "";
				INFOPLIST_FILE = "Info-MPWTest__Framework___Upgraded_.plist";
				INSTALL_PATH = "$(HOME)/Library/Frameworks";
				OTHER_CFLAGS = "";
				OTHER_LDFLAGS = "";
				OTHER_LIBTOOL_FLAGS = "";
				OTHER_REZFLAGS = "";
				PRINCIPAL_CLASS = "";
				PRODUCT_NAME = MPWTest;
				SECTORDER_FLAGS = "";
				WARNING_CFLAGS = (
					"-Wmost",
					"-Wno-four-char-constants",
					"-Wno-unknown-pragmas",
				);
				WRAPPER_EXTENSION = framework;
			};
			name = Release;
		};
		1FD58B7B10BF633A00919BE7 /* Release */ = {
			isa = XCBuildConfiguration;
			buildSettings = {
				ARCHS = "$(ARCHS_STANDARD_32_64_BIT)";
				FRAMEWORK_SEARCH_PATHS = (
					"$(inherited)",
					"$(FRAMEWORK_SEARCH_PATHS_QUOTED_1)",
				);
				FRAMEWORK_SEARCH_PATHS_QUOTED_1 = "\"$(SRCROOT)/../../Build\"";
				GCC_ENABLE_FIX_AND_CONTINUE = YES;
				GCC_MODEL_TUNING = G5;
				GCC_PRECOMPILE_PREFIX_HEADER = YES;
				GCC_PREFIX_HEADER = "$(SYSTEM_LIBRARY_DIR)/Frameworks/AppKit.framework/Headers/AppKit.h";
				GCC_VERSION = "";
				INSTALL_PATH = /usr/local/bin;
				OTHER_LDFLAGS = "";
				PREBINDING = NO;
				PRODUCT_NAME = testlogger;
				ZERO_LINK = YES;
			};
			name = Release;
		};
		1FD58B7D10BF633A00919BE7 /* Release */ = {
			isa = XCBuildConfiguration;
			buildSettings = {
				ALWAYS_SEARCH_USER_PATHS = NO;
				ARCHS = "$(ARCHS_STANDARD_32_BIT)";
				GCC_ENABLE_FIX_AND_CONTINUE = YES;
				GCC_ENABLE_OBJC_GC = required;
				GCC_MODEL_TUNING = G5;
				GCC_PRECOMPILE_PREFIX_HEADER = YES;
				GCC_PREFIX_HEADER = "$(SYSTEM_LIBRARY_DIR)/Frameworks/AppKit.framework/Headers/AppKit.h";
				INSTALL_PATH = /usr/local/bin;
				OTHER_LDFLAGS = (
					"-framework",
					Foundation,
					"-framework",
					AppKit,
				);
				PREBINDING = NO;
				PRODUCT_NAME = testloggergc;
			};
			name = Release;
		};
		1FD58B7E10BF633A00919BE7 /* Release */ = {
			isa = XCBuildConfiguration;
			buildSettings = {
				PRODUCT_NAME = All;
			};
			name = Release;
		};
		1FD58B7F10BF633A00919BE7 /* Release */ = {
			isa = XCBuildConfiguration;
			buildSettings = {
				ARCHS = i386;
				ARCHS_STANDARD_32_64_BIT_PRE_XCODE_3_1 = "ppc i386 ppc64 x86_64";
				FRAMEWORK_SEARCH_PATHS = "/Developer/Cocotron/1.0/Windows/i386/Frameworks/**";
				FRAMEWORK_VERSION = A;
				GCC_ENABLE_OBJC_GC = NO;
				GCC_PREPROCESSOR_DEFINITIONS = "`uname`";
				GCC_SYMBOLS_PRIVATE_EXTERN = NO;
				GCC_VERSION = 4.3.1;
				HEADER_SEARCH_PATHS = "";
				INFOPLIST_FILE = "Info-MPWTest__Framework___Upgraded_ copy.plist";
				INSTALL_PATH = "$(HOME)/Library/Frameworks";
				ONLY_ACTIVE_ARCH = NO;
				OTHER_CFLAGS = "";
				OTHER_LDFLAGS = (
					"-B,static",
					"-lffi",
					"-B,dynamic",
					"-shared",
					"-lwsock32",
					"-Wl,--out-implib,/Developer/Cocotron/1.0/Windows/i386/Frameworks/MPWTest.framework/libMPWTest.a",
					"-Wl,--export-all-symbols",
				);
				OTHER_LIBTOOL_FLAGS = "";
				OTHER_REZFLAGS = "";
				PRINCIPAL_CLASS = "";
				PRODUCT_NAME = MPWTest;
				SECTORDER_FLAGS = "";
				WARNING_CFLAGS = (
					"-Wmost",
					"-Wno-four-char-constants",
					"-Wno-unknown-pragmas",
				);
				WRAPPER_EXTENSION = framework;
			};
			name = Release;
		};
		1FE20DD2091E321900161270 /* Development */ = {
			isa = XCBuildConfiguration;
			buildSettings = {
				ARCHS = (
					i386,
					ppc,
				);
			};
			name = Development;
		};
		1FE20DD3091E321900161270 /* Deployment */ = {
			isa = XCBuildConfiguration;
			buildSettings = {
			};
			name = Deployment;
		};
		1FE20DD4091E321900161270 /* Default */ = {
			isa = XCBuildConfiguration;
			buildSettings = {
			};
			name = Default;
		};
/* End XCBuildConfiguration section */

/* Begin XCConfigurationList section */
		1F0083B20DAD7A8C003E7ED1 /* Build configuration list for PBXNativeTarget "testloggergc" */ = {
			isa = XCConfigurationList;
			buildConfigurations = (
				1F0082D30DAD7A3E003E7ED1 /* Development */,
				1F0082D40DAD7A3E003E7ED1 /* Deployment */,
				1F0082D50DAD7A3E003E7ED1 /* Default */,
				1FD58B7D10BF633A00919BE7 /* Release */,
			);
			defaultConfigurationIsVisible = 0;
			defaultConfigurationName = Default;
		};
		1F4B925E0D4D378D00EA8493 /* Build configuration list for PBXNativeTarget "testlogger" */ = {
			isa = XCConfigurationList;
			buildConfigurations = (
				1F4B92560D4D377200EA8493 /* Development */,
				1F4B92570D4D377200EA8493 /* Deployment */,
				1F4B92580D4D377200EA8493 /* Default */,
				1FD58B7B10BF633A00919BE7 /* Release */,
			);
			defaultConfigurationIsVisible = 0;
			defaultConfigurationName = Default;
		};
		1F4B929D0D4D382800EA8493 /* Build configuration list for PBXNativeTarget "MPWTest (Framework) (Upgraded)" */ = {
			isa = XCConfigurationList;
			buildConfigurations = (
				1F4B929E0D4D382800EA8493 /* Development */,
				1F4B929F0D4D382800EA8493 /* Deployment */,
				1F4B92A00D4D382800EA8493 /* Default */,
				1FD58B7A10BF633A00919BE7 /* Release */,
			);
			defaultConfigurationIsVisible = 0;
			defaultConfigurationName = Default;
		};
		1F902C710DAEA5DA008191F0 /* Build configuration list for PBXAggregateTarget "All" */ = {
			isa = XCConfigurationList;
			buildConfigurations = (
				1F902C580DAEA598008191F0 /* Development */,
				1F902C590DAEA598008191F0 /* Deployment */,
				1F902C5A0DAEA598008191F0 /* Default */,
				1FD58B7E10BF633A00919BE7 /* Release */,
			);
			defaultConfigurationIsVisible = 0;
			defaultConfigurationName = Default;
		};
		1F9C964A110D6BA500492929 /* Build configuration list for PBXNativeTarget "testlogger (Windows)" */ = {
			isa = XCConfigurationList;
			buildConfigurations = (
				1F9C964B110D6BA500492929 /* Development */,
				1F9C964C110D6BA500492929 /* Deployment */,
				1F9C964D110D6BA500492929 /* Default */,
				1F9C964E110D6BA500492929 /* Release */,
			);
			defaultConfigurationIsVisible = 0;
			defaultConfigurationName = Default;
		};
		1FD58B6110BF613800919BE7 /* Build configuration list for PBXNativeTarget "MPWTest (Windows framework)" */ = {
			isa = XCConfigurationList;
			buildConfigurations = (
				1FD58B6210BF613800919BE7 /* Development */,
				1FD58B6310BF613800919BE7 /* Deployment */,
				1FD58B6410BF613800919BE7 /* Default */,
				1FD58B7F10BF633A00919BE7 /* Release */,
			);
			defaultConfigurationIsVisible = 0;
			defaultConfigurationName = Default;
		};
		1FE20DD1091E321900161270 /* Build configuration list for PBXProject "MPWTest" */ = {
			isa = XCConfigurationList;
			buildConfigurations = (
				1FE20DD2091E321900161270 /* Development */,
				1FE20DD3091E321900161270 /* Deployment */,
				1FE20DD4091E321900161270 /* Default */,
				1FD58B7910BF633A00919BE7 /* Release */,
			);
			defaultConfigurationIsVisible = 0;
			defaultConfigurationName = Default;
		};
/* End XCConfigurationList section */
	};
	rootObject = 0D8F93630066CF95C35ADD82 /* Project object */;
}
